
Microsoft Visual Studio Solution File, Format Version 12.00
# Visual Studio Version 16
VisualStudioVersion = 16.0.31515.178
MinimumVisualStudioVersion = 10.0.40219.1
Project("{FAE04EC0-301F-11D3-BF4B-00C04F79EFBC}") = "ContactsViewer", "ContactsViewer.csproj", "{97342191-357C-447D-8234-3D263570460A}"
EndProject
Global
	GlobalSection(SolutionConfigurationPlatforms) = preSolution
		Debug|Any CPU = Debug|Any CPU
		Release|Any CPU = Release|Any CPU
	EndGlobalSection
	GlobalSection(ProjectConfigurationPlatforms) = postSolution
		{97342191-357C-447D-8234-3D263570460A}.Debug|Any CPU.ActiveCfg = Debug|Any CPU
		{97342191-357C-447D-8234-3D263570460A}.Debug|Any CPU.Build.0 = Debug|Any CPU
		{97342191-357C-447D-8234-3D263570460A}.Release|Any CPU.ActiveCfg = Release|Any CPU
		{97342191-357C-447D-8234-3D263570460A}.Release|Any CPU.Build.0 = Release|Any CPU
	EndGlobalSection
	GlobalSection(SolutionProperties) = preSolution
		HideSolutionNode = FALSE
	EndGlobalSection
	GlobalSection(ExtensibilityGlobals) = postSolution
		SolutionGuid = {33FB0D2A-2DFA-4758-83A6-9CDE816A45B8}
	EndGlobalSection
EndGlobal
